// !$*UTF8*$!
{
	archiveVersion = 1;
	classes = {
	};
	objectVersion = 46;
	objects = {

/* Begin PBXBuildFile section */
		4EB8C57F1BB204A400D46B05 /* WeatherDetailTableViewCell.m in Sources */ = {isa = PBXBuildFile; fileRef = 4EB8C57E1BB204A400D46B05 /* WeatherDetailTableViewCell.m */; settings = {ASSET_TAGS = (); }; };
		4EC820291BB23F2100D0273C /* WeatherDetailViewController.m in Sources */ = {isa = PBXBuildFile; fileRef = 4EC820281BB23F2100D0273C /* WeatherDetailViewController.m */; settings = {ASSET_TAGS = (); }; };
		4EE009061BB25743005C7B16 /* WeeklyDetailViewController.m in Sources */ = {isa = PBXBuildFile; fileRef = 4EE009051BB25743005C7B16 /* WeeklyDetailViewController.m */; settings = {ASSET_TAGS = (); }; };
		AA2DD3601BB350A900EA0868 /* NotificationCenter.framework in Frameworks */ = {isa = PBXBuildFile; fileRef = AA2DD35F1BB350A900EA0868 /* NotificationCenter.framework */; settings = {ASSET_TAGS = (); }; };
		AA2DD3641BB350A900EA0868 /* TodayViewController.m in Sources */ = {isa = PBXBuildFile; fileRef = AA2DD3631BB350A900EA0868 /* TodayViewController.m */; };
		AA2DD3671BB350A900EA0868 /* MainInterface.storyboard in Resources */ = {isa = PBXBuildFile; fileRef = AA2DD3651BB350A900EA0868 /* MainInterface.storyboard */; };
		AA2DD36B1BB350A900EA0868 /* WeatherWidget.appex in Embed App Extensions */ = {isa = PBXBuildFile; fileRef = AA2DD35D1BB350A900EA0868 /* WeatherWidget.appex */; settings = {ATTRIBUTES = (RemoveHeadersOnCopy, ); }; };
		AA2DD3701BB359D900EA0868 /* LocationManager.m in Sources */ = {isa = PBXBuildFile; fileRef = AAD9D0091BB1EC30001FF2BB /* LocationManager.m */; settings = {ASSET_TAGS = (); }; };
		AA4C1C4C1BAE20FE0032B50F /* main.m in Sources */ = {isa = PBXBuildFile; fileRef = AA4C1C4B1BAE20FE0032B50F /* main.m */; };
		AA4C1C4F1BAE20FE0032B50F /* AppDelegate.m in Sources */ = {isa = PBXBuildFile; fileRef = AA4C1C4E1BAE20FE0032B50F /* AppDelegate.m */; };
		AA4C1C551BAE20FE0032B50F /* MapViewController.m in Sources */ = {isa = PBXBuildFile; fileRef = AA4C1C541BAE20FE0032B50F /* MapViewController.m */; };
		AA4C1C581BAE20FE0032B50F /* Main.storyboard in Resources */ = {isa = PBXBuildFile; fileRef = AA4C1C561BAE20FE0032B50F /* Main.storyboard */; };
		AA4C1C5A1BAE20FE0032B50F /* Assets.xcassets in Resources */ = {isa = PBXBuildFile; fileRef = AA4C1C591BAE20FE0032B50F /* Assets.xcassets */; };
		AA4C1C5D1BAE20FE0032B50F /* LaunchScreen.storyboard in Resources */ = {isa = PBXBuildFile; fileRef = AA4C1C5B1BAE20FE0032B50F /* LaunchScreen.storyboard */; };
		AA4C1C681BAE20FE0032B50F /* WeatherAppTests.m in Sources */ = {isa = PBXBuildFile; fileRef = AA4C1C671BAE20FE0032B50F /* WeatherAppTests.m */; };
		AA4C1C731BAE20FE0032B50F /* WeatherAppUITests.m in Sources */ = {isa = PBXBuildFile; fileRef = AA4C1C721BAE20FE0032B50F /* WeatherAppUITests.m */; };
		AA4C1C811BAE22120032B50F /* MapKit.framework in Frameworks */ = {isa = PBXBuildFile; fileRef = AA4C1C801BAE22120032B50F /* MapKit.framework */; };
		AA4C1C831BAE22180032B50F /* CoreLocation.framework in Frameworks */ = {isa = PBXBuildFile; fileRef = AA4C1C821BAE22180032B50F /* CoreLocation.framework */; };
		AA4C1C871BAE226F0032B50F /* MapPin.m in Sources */ = {isa = PBXBuildFile; fileRef = AA4C1C861BAE226F0032B50F /* MapPin.m */; settings = {ASSET_TAGS = (); }; };
		AA4C1C8A1BAE227C0032B50F /* Weather.m in Sources */ = {isa = PBXBuildFile; fileRef = AA4C1C891BAE227C0032B50F /* Weather.m */; settings = {ASSET_TAGS = (); }; };
		AA4C1CAC1BAED0720032B50F /* Model.xcdatamodeld in Sources */ = {isa = PBXBuildFile; fileRef = AA4C1CAA1BAED0720032B50F /* Model.xcdatamodeld */; settings = {ASSET_TAGS = (); }; };
		AA4C1CB11BAED0E40032B50F /* WeatherLocation+CoreDataProperties.m in Sources */ = {isa = PBXBuildFile; fileRef = AA4C1CAE1BAED0E40032B50F /* WeatherLocation+CoreDataProperties.m */; settings = {ASSET_TAGS = (); }; };
		AA4C1CB21BAED0E40032B50F /* WeatherLocation.m in Sources */ = {isa = PBXBuildFile; fileRef = AA4C1CB01BAED0E40032B50F /* WeatherLocation.m */; settings = {ASSET_TAGS = (); }; };
		AA4C1CB51BAF513E0032B50F /* DataStack.m in Sources */ = {isa = PBXBuildFile; fileRef = AA4C1CB41BAF513E0032B50F /* DataStack.m */; settings = {ASSET_TAGS = (); }; };
		AA4C1CB71BAF519F0032B50F /* CoreData.framework in Frameworks */ = {isa = PBXBuildFile; fileRef = AA4C1CB61BAF519F0032B50F /* CoreData.framework */; };
		AA4C1CBA1BAF55600032B50F /* CustomTableViewCell.m in Sources */ = {isa = PBXBuildFile; fileRef = AA4C1CB91BAF55600032B50F /* CustomTableViewCell.m */; settings = {ASSET_TAGS = (); }; };
		AA4C1CBD1BAF56920032B50F /* WeatherListTableViewController.m in Sources */ = {isa = PBXBuildFile; fileRef = AA4C1CBC1BAF56920032B50F /* WeatherListTableViewController.m */; settings = {ASSET_TAGS = (); }; };
		AA4C1CC11BAF62880032B50F /* WeatherSearchViewController.m in Sources */ = {isa = PBXBuildFile; fileRef = AA4C1CC01BAF62880032B50F /* WeatherSearchViewController.m */; settings = {ASSET_TAGS = (); }; };
		AA4C1CC41BAF6B1A0032B50F /* Location.m in Sources */ = {isa = PBXBuildFile; fileRef = AA4C1CC31BAF6B1A0032B50F /* Location.m */; settings = {ASSET_TAGS = (); }; };
		AAD9D0041BB0BE01001FF2BB /* SearchTableViewCell.m in Sources */ = {isa = PBXBuildFile; fileRef = AAD9D0031BB0BE01001FF2BB /* SearchTableViewCell.m */; settings = {ASSET_TAGS = (); }; };
		AAD9D0071BB1D77F001FF2BB /* ForecastWeather.swift in Sources */ = {isa = PBXBuildFile; fileRef = AAD9D0061BB1D77F001FF2BB /* ForecastWeather.swift */; settings = {ASSET_TAGS = (); }; };
		AAD9D00A1BB1EC30001FF2BB /* LocationManager.m in Sources */ = {isa = PBXBuildFile; fileRef = AAD9D0091BB1EC30001FF2BB /* LocationManager.m */; settings = {ASSET_TAGS = (); }; };
/* End PBXBuildFile section */

/* Begin PBXContainerItemProxy section */
		AA2DD3691BB350A900EA0868 /* PBXContainerItemProxy */ = {
			isa = PBXContainerItemProxy;
			containerPortal = AA4C1C3F1BAE20FE0032B50F /* Project object */;
			proxyType = 1;
			remoteGlobalIDString = AA2DD35C1BB350A900EA0868;
			remoteInfo = WeatherWidget;
		};
		AA4C1C641BAE20FE0032B50F /* PBXContainerItemProxy */ = {
			isa = PBXContainerItemProxy;
			containerPortal = AA4C1C3F1BAE20FE0032B50F /* Project object */;
			proxyType = 1;
			remoteGlobalIDString = AA4C1C461BAE20FE0032B50F;
			remoteInfo = WeatherApp;
		};
		AA4C1C6F1BAE20FE0032B50F /* PBXContainerItemProxy */ = {
			isa = PBXContainerItemProxy;
			containerPortal = AA4C1C3F1BAE20FE0032B50F /* Project object */;
			proxyType = 1;
			remoteGlobalIDString = AA4C1C461BAE20FE0032B50F;
			remoteInfo = WeatherApp;
		};
/* End PBXContainerItemProxy section */

/* Begin PBXCopyFilesBuildPhase section */
		AA2DD36F1BB350A900EA0868 /* Embed App Extensions */ = {
			isa = PBXCopyFilesBuildPhase;
			buildActionMask = 2147483647;
			dstPath = "";
			dstSubfolderSpec = 13;
			files = (
				AA2DD36B1BB350A900EA0868 /* WeatherWidget.appex in Embed App Extensions */,
			);
			name = "Embed App Extensions";
			runOnlyForDeploymentPostprocessing = 0;
		};
/* End PBXCopyFilesBuildPhase section */

/* Begin PBXFileReference section */
		4EB8C57D1BB204A400D46B05 /* WeatherDetailTableViewCell.h */ = {isa = PBXFileReference; fileEncoding = 4; lastKnownFileType = sourcecode.c.h; path = WeatherDetailTableViewCell.h; sourceTree = "<group>"; };
		4EB8C57E1BB204A400D46B05 /* WeatherDetailTableViewCell.m */ = {isa = PBXFileReference; fileEncoding = 4; lastKnownFileType = sourcecode.c.objc; path = WeatherDetailTableViewCell.m; sourceTree = "<group>"; };
		4EC820271BB23F2100D0273C /* WeatherDetailViewController.h */ = {isa = PBXFileReference; fileEncoding = 4; lastKnownFileType = sourcecode.c.h; path = WeatherDetailViewController.h; sourceTree = "<group>"; };
		4EC820281BB23F2100D0273C /* WeatherDetailViewController.m */ = {isa = PBXFileReference; fileEncoding = 4; lastKnownFileType = sourcecode.c.objc; path = WeatherDetailViewController.m; sourceTree = "<group>"; };
		4EE009041BB25743005C7B16 /* WeeklyDetailViewController.h */ = {isa = PBXFileReference; fileEncoding = 4; lastKnownFileType = sourcecode.c.h; path = WeeklyDetailViewController.h; sourceTree = "<group>"; };
		4EE009051BB25743005C7B16 /* WeeklyDetailViewController.m */ = {isa = PBXFileReference; fileEncoding = 4; lastKnownFileType = sourcecode.c.objc; path = WeeklyDetailViewController.m; sourceTree = "<group>"; };
		AA2DD35D1BB350A900EA0868 /* WeatherWidget.appex */ = {isa = PBXFileReference; explicitFileType = "wrapper.app-extension"; includeInIndex = 0; path = WeatherWidget.appex; sourceTree = BUILT_PRODUCTS_DIR; };
		AA2DD35F1BB350A900EA0868 /* NotificationCenter.framework */ = {isa = PBXFileReference; lastKnownFileType = wrapper.framework; name = NotificationCenter.framework; path = System/Library/Frameworks/NotificationCenter.framework; sourceTree = SDKROOT; };
		AA2DD3621BB350A900EA0868 /* TodayViewController.h */ = {isa = PBXFileReference; lastKnownFileType = sourcecode.c.h; path = TodayViewController.h; sourceTree = "<group>"; };
		AA2DD3631BB350A900EA0868 /* TodayViewController.m */ = {isa = PBXFileReference; lastKnownFileType = sourcecode.c.objc; path = TodayViewController.m; sourceTree = "<group>"; };
		AA2DD3661BB350A900EA0868 /* Base */ = {isa = PBXFileReference; lastKnownFileType = file.storyboard; name = Base; path = Base.lproj/MainInterface.storyboard; sourceTree = "<group>"; };
		AA2DD3681BB350A900EA0868 /* Info.plist */ = {isa = PBXFileReference; lastKnownFileType = text.plist.xml; path = Info.plist; sourceTree = "<group>"; };
		AA4C1C471BAE20FE0032B50F /* WeatherApp.app */ = {isa = PBXFileReference; explicitFileType = wrapper.application; includeInIndex = 0; path = WeatherApp.app; sourceTree = BUILT_PRODUCTS_DIR; };
		AA4C1C4B1BAE20FE0032B50F /* main.m */ = {isa = PBXFileReference; lastKnownFileType = sourcecode.c.objc; path = main.m; sourceTree = "<group>"; };
		AA4C1C4D1BAE20FE0032B50F /* AppDelegate.h */ = {isa = PBXFileReference; lastKnownFileType = sourcecode.c.h; path = AppDelegate.h; sourceTree = "<group>"; };
		AA4C1C4E1BAE20FE0032B50F /* AppDelegate.m */ = {isa = PBXFileReference; lastKnownFileType = sourcecode.c.objc; path = AppDelegate.m; sourceTree = "<group>"; };
		AA4C1C531BAE20FE0032B50F /* MapViewController.h */ = {isa = PBXFileReference; lastKnownFileType = sourcecode.c.h; path = MapViewController.h; sourceTree = "<group>"; };
		AA4C1C541BAE20FE0032B50F /* MapViewController.m */ = {isa = PBXFileReference; lastKnownFileType = sourcecode.c.objc; path = MapViewController.m; sourceTree = "<group>"; };
		AA4C1C571BAE20FE0032B50F /* Base */ = {isa = PBXFileReference; lastKnownFileType = file.storyboard; name = Base; path = Base.lproj/Main.storyboard; sourceTree = "<group>"; };
		AA4C1C591BAE20FE0032B50F /* Assets.xcassets */ = {isa = PBXFileReference; lastKnownFileType = folder.assetcatalog; path = Assets.xcassets; sourceTree = "<group>"; };
		AA4C1C5C1BAE20FE0032B50F /* Base */ = {isa = PBXFileReference; lastKnownFileType = file.storyboard; name = Base; path = Base.lproj/LaunchScreen.storyboard; sourceTree = "<group>"; };
		AA4C1C5E1BAE20FE0032B50F /* Info.plist */ = {isa = PBXFileReference; lastKnownFileType = text.plist.xml; path = Info.plist; sourceTree = "<group>"; };
		AA4C1C631BAE20FE0032B50F /* WeatherAppTests.xctest */ = {isa = PBXFileReference; explicitFileType = wrapper.cfbundle; includeInIndex = 0; path = WeatherAppTests.xctest; sourceTree = BUILT_PRODUCTS_DIR; };
		AA4C1C671BAE20FE0032B50F /* WeatherAppTests.m */ = {isa = PBXFileReference; lastKnownFileType = sourcecode.c.objc; path = WeatherAppTests.m; sourceTree = "<group>"; };
		AA4C1C691BAE20FE0032B50F /* Info.plist */ = {isa = PBXFileReference; lastKnownFileType = text.plist.xml; path = Info.plist; sourceTree = "<group>"; };
		AA4C1C6E1BAE20FE0032B50F /* WeatherAppUITests.xctest */ = {isa = PBXFileReference; explicitFileType = wrapper.cfbundle; includeInIndex = 0; path = WeatherAppUITests.xctest; sourceTree = BUILT_PRODUCTS_DIR; };
		AA4C1C721BAE20FE0032B50F /* WeatherAppUITests.m */ = {isa = PBXFileReference; lastKnownFileType = sourcecode.c.objc; path = WeatherAppUITests.m; sourceTree = "<group>"; };
		AA4C1C741BAE20FE0032B50F /* Info.plist */ = {isa = PBXFileReference; lastKnownFileType = text.plist.xml; path = Info.plist; sourceTree = "<group>"; };
		AA4C1C801BAE22120032B50F /* MapKit.framework */ = {isa = PBXFileReference; lastKnownFileType = wrapper.framework; name = MapKit.framework; path = System/Library/Frameworks/MapKit.framework; sourceTree = SDKROOT; };
		AA4C1C821BAE22180032B50F /* CoreLocation.framework */ = {isa = PBXFileReference; lastKnownFileType = wrapper.framework; name = CoreLocation.framework; path = System/Library/Frameworks/CoreLocation.framework; sourceTree = SDKROOT; };
		AA4C1C851BAE226F0032B50F /* MapPin.h */ = {isa = PBXFileReference; fileEncoding = 4; lastKnownFileType = sourcecode.c.h; name = MapPin.h; path = WeatherApp/MapPin.h; sourceTree = "<group>"; };
		AA4C1C861BAE226F0032B50F /* MapPin.m */ = {isa = PBXFileReference; fileEncoding = 4; lastKnownFileType = sourcecode.c.objc; name = MapPin.m; path = WeatherApp/MapPin.m; sourceTree = "<group>"; };
		AA4C1C881BAE227C0032B50F /* Weather.h */ = {isa = PBXFileReference; fileEncoding = 4; lastKnownFileType = sourcecode.c.h; name = Weather.h; path = WeatherApp/Weather.h; sourceTree = "<group>"; };
		AA4C1C891BAE227C0032B50F /* Weather.m */ = {isa = PBXFileReference; fileEncoding = 4; lastKnownFileType = sourcecode.c.objc; name = Weather.m; path = WeatherApp/Weather.m; sourceTree = "<group>"; };
		AA4C1CAB1BAED0720032B50F /* Model.xcdatamodel */ = {isa = PBXFileReference; lastKnownFileType = wrapper.xcdatamodel; path = Model.xcdatamodel; sourceTree = "<group>"; };
		AA4C1CAD1BAED0E40032B50F /* WeatherLocation+CoreDataProperties.h */ = {isa = PBXFileReference; fileEncoding = 4; lastKnownFileType = sourcecode.c.h; name = "WeatherLocation+CoreDataProperties.h"; path = "WeatherApp/WeatherLocation+CoreDataProperties.h"; sourceTree = "<group>"; };
		AA4C1CAE1BAED0E40032B50F /* WeatherLocation+CoreDataProperties.m */ = {isa = PBXFileReference; fileEncoding = 4; lastKnownFileType = sourcecode.c.objc; name = "WeatherLocation+CoreDataProperties.m"; path = "WeatherApp/WeatherLocation+CoreDataProperties.m"; sourceTree = "<group>"; };
		AA4C1CAF1BAED0E40032B50F /* WeatherLocation.h */ = {isa = PBXFileReference; fileEncoding = 4; lastKnownFileType = sourcecode.c.h; name = WeatherLocation.h; path = WeatherApp/WeatherLocation.h; sourceTree = "<group>"; };
		AA4C1CB01BAED0E40032B50F /* WeatherLocation.m */ = {isa = PBXFileReference; fileEncoding = 4; lastKnownFileType = sourcecode.c.objc; name = WeatherLocation.m; path = WeatherApp/WeatherLocation.m; sourceTree = "<group>"; };
		AA4C1CB31BAF513E0032B50F /* DataStack.h */ = {isa = PBXFileReference; fileEncoding = 4; lastKnownFileType = sourcecode.c.h; path = DataStack.h; sourceTree = "<group>"; };
		AA4C1CB41BAF513E0032B50F /* DataStack.m */ = {isa = PBXFileReference; fileEncoding = 4; lastKnownFileType = sourcecode.c.objc; path = DataStack.m; sourceTree = "<group>"; };
		AA4C1CB61BAF519F0032B50F /* CoreData.framework */ = {isa = PBXFileReference; lastKnownFileType = wrapper.framework; name = CoreData.framework; path = System/Library/Frameworks/CoreData.framework; sourceTree = SDKROOT; };
		AA4C1CB81BAF55600032B50F /* CustomTableViewCell.h */ = {isa = PBXFileReference; fileEncoding = 4; lastKnownFileType = sourcecode.c.h; path = CustomTableViewCell.h; sourceTree = "<group>"; };
		AA4C1CB91BAF55600032B50F /* CustomTableViewCell.m */ = {isa = PBXFileReference; fileEncoding = 4; lastKnownFileType = sourcecode.c.objc; path = CustomTableViewCell.m; sourceTree = "<group>"; };
		AA4C1CBB1BAF56920032B50F /* WeatherListTableViewController.h */ = {isa = PBXFileReference; fileEncoding = 4; lastKnownFileType = sourcecode.c.h; name = WeatherListTableViewController.h; path = Assets.xcassets/WeatherListTableViewController.h; sourceTree = "<group>"; };
		AA4C1CBC1BAF56920032B50F /* WeatherListTableViewController.m */ = {isa = PBXFileReference; fileEncoding = 4; lastKnownFileType = sourcecode.c.objc; name = WeatherListTableViewController.m; path = Assets.xcassets/WeatherListTableViewController.m; sourceTree = "<group>"; };
		AA4C1CBE1BAF5BF50032B50F /* Constants.h */ = {isa = PBXFileReference; fileEncoding = 4; lastKnownFileType = sourcecode.c.h; path = Constants.h; sourceTree = "<group>"; };
		AA4C1CBF1BAF62880032B50F /* WeatherSearchViewController.h */ = {isa = PBXFileReference; fileEncoding = 4; lastKnownFileType = sourcecode.c.h; path = WeatherSearchViewController.h; sourceTree = "<group>"; };
		AA4C1CC01BAF62880032B50F /* WeatherSearchViewController.m */ = {isa = PBXFileReference; fileEncoding = 4; lastKnownFileType = sourcecode.c.objc; path = WeatherSearchViewController.m; sourceTree = "<group>"; };
		AA4C1CC21BAF6B1A0032B50F /* Location.h */ = {isa = PBXFileReference; fileEncoding = 4; lastKnownFileType = sourcecode.c.h; name = Location.h; path = WeatherApp/Location.h; sourceTree = "<group>"; };
		AA4C1CC31BAF6B1A0032B50F /* Location.m */ = {isa = PBXFileReference; fileEncoding = 4; lastKnownFileType = sourcecode.c.objc; name = Location.m; path = WeatherApp/Location.m; sourceTree = "<group>"; };
		AAD9D0021BB0BE01001FF2BB /* SearchTableViewCell.h */ = {isa = PBXFileReference; fileEncoding = 4; lastKnownFileType = sourcecode.c.h; path = SearchTableViewCell.h; sourceTree = "<group>"; };
		AAD9D0031BB0BE01001FF2BB /* SearchTableViewCell.m */ = {isa = PBXFileReference; fileEncoding = 4; lastKnownFileType = sourcecode.c.objc; path = SearchTableViewCell.m; sourceTree = "<group>"; };
		AAD9D0051BB1D77E001FF2BB /* WeatherApp-Bridging-Header.h */ = {isa = PBXFileReference; lastKnownFileType = sourcecode.c.h; name = "WeatherApp-Bridging-Header.h"; path = "WeatherApp/WeatherApp-Bridging-Header.h"; sourceTree = "<group>"; };
		AAD9D0061BB1D77F001FF2BB /* ForecastWeather.swift */ = {isa = PBXFileReference; fileEncoding = 4; lastKnownFileType = sourcecode.swift; name = ForecastWeather.swift; path = WeatherApp/ForecastWeather.swift; sourceTree = "<group>"; };
		AAD9D0081BB1EC30001FF2BB /* LocationManager.h */ = {isa = PBXFileReference; fileEncoding = 4; lastKnownFileType = sourcecode.c.h; name = LocationManager.h; path = WeatherApp/LocationManager.h; sourceTree = "<group>"; };
		AAD9D0091BB1EC30001FF2BB /* LocationManager.m */ = {isa = PBXFileReference; fileEncoding = 4; lastKnownFileType = sourcecode.c.objc; name = LocationManager.m; path = WeatherApp/LocationManager.m; sourceTree = "<group>"; };
/* End PBXFileReference section */

/* Begin PBXFrameworksBuildPhase section */
		AA2DD35A1BB350A900EA0868 /* Frameworks */ = {
			isa = PBXFrameworksBuildPhase;
			buildActionMask = 2147483647;
			files = (
				AA2DD3601BB350A900EA0868 /* NotificationCenter.framework in Frameworks */,
			);
			runOnlyForDeploymentPostprocessing = 0;
		};
		AA4C1C441BAE20FE0032B50F /* Frameworks */ = {
			isa = PBXFrameworksBuildPhase;
			buildActionMask = 2147483647;
			files = (
				AA4C1CB71BAF519F0032B50F /* CoreData.framework in Frameworks */,
				AA4C1C831BAE22180032B50F /* CoreLocation.framework in Frameworks */,
				AA4C1C811BAE22120032B50F /* MapKit.framework in Frameworks */,
			);
			runOnlyForDeploymentPostprocessing = 0;
		};
		AA4C1C601BAE20FE0032B50F /* Frameworks */ = {
			isa = PBXFrameworksBuildPhase;
			buildActionMask = 2147483647;
			files = (
			);
			runOnlyForDeploymentPostprocessing = 0;
		};
		AA4C1C6B1BAE20FE0032B50F /* Frameworks */ = {
			isa = PBXFrameworksBuildPhase;
			buildActionMask = 2147483647;
			files = (
			);
			runOnlyForDeploymentPostprocessing = 0;
		};
/* End PBXFrameworksBuildPhase section */

/* Begin PBXGroup section */
		AA2DD35E1BB350A900EA0868 /* Frameworks */ = {
			isa = PBXGroup;
			children = (
				AA2DD35F1BB350A900EA0868 /* NotificationCenter.framework */,
			);
			name = Frameworks;
			sourceTree = "<group>";
		};
		AA2DD3611BB350A900EA0868 /* WeatherWidget */ = {
			isa = PBXGroup;
			children = (
				AA2DD3621BB350A900EA0868 /* TodayViewController.h */,
				AA2DD3631BB350A900EA0868 /* TodayViewController.m */,
				AA2DD3651BB350A900EA0868 /* MainInterface.storyboard */,
				AA2DD3681BB350A900EA0868 /* Info.plist */,
			);
			path = WeatherWidget;
			sourceTree = "<group>";
		};
		AA4C1C3E1BAE20FE0032B50F = {
			isa = PBXGroup;
			children = (
				AA4C1C9D1BAEC9950032B50F /* Model */,
				AA4C1C491BAE20FE0032B50F /* WeatherApp */,
				AA4C1C661BAE20FE0032B50F /* WeatherAppTests */,
				AA4C1C711BAE20FE0032B50F /* WeatherAppUITests */,
				AA2DD3611BB350A900EA0868 /* WeatherWidget */,
				AA2DD35E1BB350A900EA0868 /* Frameworks */,
				AA4C1C481BAE20FE0032B50F /* Products */,
				AA4C1C841BAE22210032B50F /* Framework */,
			);
			sourceTree = "<group>";
		};
		AA4C1C481BAE20FE0032B50F /* Products */ = {
			isa = PBXGroup;
			children = (
				AA4C1C471BAE20FE0032B50F /* WeatherApp.app */,
				AA4C1C631BAE20FE0032B50F /* WeatherAppTests.xctest */,
				AA4C1C6E1BAE20FE0032B50F /* WeatherAppUITests.xctest */,
				AA2DD35D1BB350A900EA0868 /* WeatherWidget.appex */,
			);
			name = Products;
			sourceTree = "<group>";
		};
		AA4C1C491BAE20FE0032B50F /* WeatherApp */ = {
			isa = PBXGroup;
			children = (
				AA4C1CBE1BAF5BF50032B50F /* Constants.h */,
				AA4C1C4D1BAE20FE0032B50F /* AppDelegate.h */,
				AA4C1C4E1BAE20FE0032B50F /* AppDelegate.m */,
				AA4C1C531BAE20FE0032B50F /* MapViewController.h */,
				AA4C1C541BAE20FE0032B50F /* MapViewController.m */,
				AA4C1C561BAE20FE0032B50F /* Main.storyboard */,
				4EC820271BB23F2100D0273C /* WeatherDetailViewController.h */,
				4EC820281BB23F2100D0273C /* WeatherDetailViewController.m */,
				4EB8C57D1BB204A400D46B05 /* WeatherDetailTableViewCell.h */,
				4EE009041BB25743005C7B16 /* WeeklyDetailViewController.h */,
				4EE009051BB25743005C7B16 /* WeeklyDetailViewController.m */,
				4EB8C57E1BB204A400D46B05 /* WeatherDetailTableViewCell.m */,
				AA4C1CBF1BAF62880032B50F /* WeatherSearchViewController.h */,
				AA4C1CC01BAF62880032B50F /* WeatherSearchViewController.m */,
				AA4C1CBB1BAF56920032B50F /* WeatherListTableViewController.h */,
				AA4C1CBC1BAF56920032B50F /* WeatherListTableViewController.m */,
				AAD9D0021BB0BE01001FF2BB /* SearchTableViewCell.h */,
				AAD9D0031BB0BE01001FF2BB /* SearchTableViewCell.m */,
				AA4C1CB81BAF55600032B50F /* CustomTableViewCell.h */,
				AA4C1CB91BAF55600032B50F /* CustomTableViewCell.m */,
				AA4C1C591BAE20FE0032B50F /* Assets.xcassets */,
				AA4C1C5B1BAE20FE0032B50F /* LaunchScreen.storyboard */,
				AA4C1C4A1BAE20FE0032B50F /* Supporting Files */,
			);
			path = WeatherApp;
			sourceTree = "<group>";
		};
		AA4C1C4A1BAE20FE0032B50F /* Supporting Files */ = {
			isa = PBXGroup;
			children = (
				AA4C1C5E1BAE20FE0032B50F /* Info.plist */,
				AA4C1C4B1BAE20FE0032B50F /* main.m */,
			);
			name = "Supporting Files";
			sourceTree = "<group>";
		};
		AA4C1C661BAE20FE0032B50F /* WeatherAppTests */ = {
			isa = PBXGroup;
			children = (
				AA4C1C671BAE20FE0032B50F /* WeatherAppTests.m */,
				AA4C1C691BAE20FE0032B50F /* Info.plist */,
			);
			path = WeatherAppTests;
			sourceTree = "<group>";
		};
		AA4C1C711BAE20FE0032B50F /* WeatherAppUITests */ = {
			isa = PBXGroup;
			children = (
				AA4C1C721BAE20FE0032B50F /* WeatherAppUITests.m */,
				AA4C1C741BAE20FE0032B50F /* Info.plist */,
			);
			path = WeatherAppUITests;
			sourceTree = "<group>";
		};
		AA4C1C841BAE22210032B50F /* Framework */ = {
			isa = PBXGroup;
			children = (
				AA4C1CB61BAF519F0032B50F /* CoreData.framework */,
				AA4C1C821BAE22180032B50F /* CoreLocation.framework */,
				AA4C1C801BAE22120032B50F /* MapKit.framework */,
			);
			name = Framework;
			sourceTree = "<group>";
		};
		AA4C1C9D1BAEC9950032B50F /* Model */ = {
			isa = PBXGroup;
			children = (
				AA4C1CAD1BAED0E40032B50F /* WeatherLocation+CoreDataProperties.h */,
				AA4C1CAE1BAED0E40032B50F /* WeatherLocation+CoreDataProperties.m */,
				AA4C1CAF1BAED0E40032B50F /* WeatherLocation.h */,
				AA4C1CB01BAED0E40032B50F /* WeatherLocation.m */,
				AA4C1C851BAE226F0032B50F /* MapPin.h */,
				AA4C1C861BAE226F0032B50F /* MapPin.m */,
				AA4C1C881BAE227C0032B50F /* Weather.h */,
				AA4C1C891BAE227C0032B50F /* Weather.m */,
				AA4C1CAA1BAED0720032B50F /* Model.xcdatamodeld */,
				AA4C1CC21BAF6B1A0032B50F /* Location.h */,
				AA4C1CC31BAF6B1A0032B50F /* Location.m */,
				AA4C1CB31BAF513E0032B50F /* DataStack.h */,
				AA4C1CB41BAF513E0032B50F /* DataStack.m */,
				AAD9D0081BB1EC30001FF2BB /* LocationManager.h */,
				AAD9D0091BB1EC30001FF2BB /* LocationManager.m */,
				AAD9D0061BB1D77F001FF2BB /* ForecastWeather.swift */,
				AAD9D0051BB1D77E001FF2BB /* WeatherApp-Bridging-Header.h */,
			);
			name = Model;
			sourceTree = "<group>";
		};
/* End PBXGroup section */

/* Begin PBXNativeTarget section */
		AA2DD35C1BB350A900EA0868 /* WeatherWidget */ = {
			isa = PBXNativeTarget;
			buildConfigurationList = AA2DD36E1BB350A900EA0868 /* Build configuration list for PBXNativeTarget "WeatherWidget" */;
			buildPhases = (
				AA2DD3591BB350A900EA0868 /* Sources */,
				AA2DD35A1BB350A900EA0868 /* Frameworks */,
				AA2DD35B1BB350A900EA0868 /* Resources */,
			);
			buildRules = (
			);
			dependencies = (
			);
			name = WeatherWidget;
			productName = WeatherWidget;
			productReference = AA2DD35D1BB350A900EA0868 /* WeatherWidget.appex */;
			productType = "com.apple.product-type.app-extension";
		};
		AA4C1C461BAE20FE0032B50F /* WeatherApp */ = {
			isa = PBXNativeTarget;
			buildConfigurationList = AA4C1C771BAE20FE0032B50F /* Build configuration list for PBXNativeTarget "WeatherApp" */;
			buildPhases = (
				AA4C1C431BAE20FE0032B50F /* Sources */,
				AA4C1C441BAE20FE0032B50F /* Frameworks */,
				AA4C1C451BAE20FE0032B50F /* Resources */,
				AA2DD36F1BB350A900EA0868 /* Embed App Extensions */,
			);
			buildRules = (
			);
			dependencies = (
				AA2DD36A1BB350A900EA0868 /* PBXTargetDependency */,
			);
			name = WeatherApp;
			productName = WeatherApp;
			productReference = AA4C1C471BAE20FE0032B50F /* WeatherApp.app */;
			productType = "com.apple.product-type.application";
		};
		AA4C1C621BAE20FE0032B50F /* WeatherAppTests */ = {
			isa = PBXNativeTarget;
			buildConfigurationList = AA4C1C7A1BAE20FE0032B50F /* Build configuration list for PBXNativeTarget "WeatherAppTests" */;
			buildPhases = (
				AA4C1C5F1BAE20FE0032B50F /* Sources */,
				AA4C1C601BAE20FE0032B50F /* Frameworks */,
				AA4C1C611BAE20FE0032B50F /* Resources */,
			);
			buildRules = (
			);
			dependencies = (
				AA4C1C651BAE20FE0032B50F /* PBXTargetDependency */,
			);
			name = WeatherAppTests;
			productName = WeatherAppTests;
			productReference = AA4C1C631BAE20FE0032B50F /* WeatherAppTests.xctest */;
			productType = "com.apple.product-type.bundle.unit-test";
		};
		AA4C1C6D1BAE20FE0032B50F /* WeatherAppUITests */ = {
			isa = PBXNativeTarget;
			buildConfigurationList = AA4C1C7D1BAE20FE0032B50F /* Build configuration list for PBXNativeTarget "WeatherAppUITests" */;
			buildPhases = (
				AA4C1C6A1BAE20FE0032B50F /* Sources */,
				AA4C1C6B1BAE20FE0032B50F /* Frameworks */,
				AA4C1C6C1BAE20FE0032B50F /* Resources */,
			);
			buildRules = (
			);
			dependencies = (
				AA4C1C701BAE20FE0032B50F /* PBXTargetDependency */,
			);
			name = WeatherAppUITests;
			productName = WeatherAppUITests;
			productReference = AA4C1C6E1BAE20FE0032B50F /* WeatherAppUITests.xctest */;
			productType = "com.apple.product-type.bundle.ui-testing";
		};
/* End PBXNativeTarget section */

/* Begin PBXProject section */
		AA4C1C3F1BAE20FE0032B50F /* Project object */ = {
			isa = PBXProject;
			attributes = {
				LastSwiftUpdateCheck = 0700;
				LastUpgradeCheck = 0700;
				ORGANIZATIONNAME = Steve;
				TargetAttributes = {
					AA2DD35C1BB350A900EA0868 = {
						CreatedOnToolsVersion = 7.0;
					};
					AA4C1C461BAE20FE0032B50F = {
						CreatedOnToolsVersion = 7.0;
						SystemCapabilities = {
							com.apple.BackgroundModes = {
								enabled = 1;
							};
						};
					};
					AA4C1C621BAE20FE0032B50F = {
						CreatedOnToolsVersion = 7.0;
						TestTargetID = AA4C1C461BAE20FE0032B50F;
					};
					AA4C1C6D1BAE20FE0032B50F = {
						CreatedOnToolsVersion = 7.0;
						TestTargetID = AA4C1C461BAE20FE0032B50F;
					};
				};
			};
			buildConfigurationList = AA4C1C421BAE20FE0032B50F /* Build configuration list for PBXProject "WeatherApp" */;
			compatibilityVersion = "Xcode 3.2";
			developmentRegion = English;
			hasScannedForEncodings = 0;
			knownRegions = (
				en,
				Base,
			);
			mainGroup = AA4C1C3E1BAE20FE0032B50F;
			productRefGroup = AA4C1C481BAE20FE0032B50F /* Products */;
			projectDirPath = "";
			projectRoot = "";
			targets = (
				AA4C1C461BAE20FE0032B50F /* WeatherApp */,
				AA4C1C621BAE20FE0032B50F /* WeatherAppTests */,
				AA4C1C6D1BAE20FE0032B50F /* WeatherAppUITests */,
				AA2DD35C1BB350A900EA0868 /* WeatherWidget */,
			);
		};
/* End PBXProject section */

/* Begin PBXResourcesBuildPhase section */
		AA2DD35B1BB350A900EA0868 /* Resources */ = {
			isa = PBXResourcesBuildPhase;
			buildActionMask = 2147483647;
			files = (
				AA2DD3671BB350A900EA0868 /* MainInterface.storyboard in Resources */,
			);
			runOnlyForDeploymentPostprocessing = 0;
		};
		AA4C1C451BAE20FE0032B50F /* Resources */ = {
			isa = PBXResourcesBuildPhase;
			buildActionMask = 2147483647;
			files = (
				AA4C1C5D1BAE20FE0032B50F /* LaunchScreen.storyboard in Resources */,
				AA4C1C5A1BAE20FE0032B50F /* Assets.xcassets in Resources */,
				AA4C1C581BAE20FE0032B50F /* Main.storyboard in Resources */,
			);
			runOnlyForDeploymentPostprocessing = 0;
		};
		AA4C1C611BAE20FE0032B50F /* Resources */ = {
			isa = PBXResourcesBuildPhase;
			buildActionMask = 2147483647;
			files = (
			);
			runOnlyForDeploymentPostprocessing = 0;
		};
		AA4C1C6C1BAE20FE0032B50F /* Resources */ = {
			isa = PBXResourcesBuildPhase;
			buildActionMask = 2147483647;
			files = (
			);
			runOnlyForDeploymentPostprocessing = 0;
		};
/* End PBXResourcesBuildPhase section */

/* Begin PBXSourcesBuildPhase section */
		AA2DD3591BB350A900EA0868 /* Sources */ = {
			isa = PBXSourcesBuildPhase;
			buildActionMask = 2147483647;
			files = (
				AA2DD3701BB359D900EA0868 /* LocationManager.m in Sources */,
				AA2DD3641BB350A900EA0868 /* TodayViewController.m in Sources */,
			);
			runOnlyForDeploymentPostprocessing = 0;
		};
		AA4C1C431BAE20FE0032B50F /* Sources */ = {
			isa = PBXSourcesBuildPhase;
			buildActionMask = 2147483647;
			files = (
				4EE009061BB25743005C7B16 /* WeeklyDetailViewController.m in Sources */,
				AA4C1CBD1BAF56920032B50F /* WeatherListTableViewController.m in Sources */,
				AA4C1CB51BAF513E0032B50F /* DataStack.m in Sources */,
				AA4C1C8A1BAE227C0032B50F /* Weather.m in Sources */,
				AA4C1C551BAE20FE0032B50F /* MapViewController.m in Sources */,
				4EB8C57F1BB204A400D46B05 /* WeatherDetailTableViewCell.m in Sources */,
				AA4C1CB21BAED0E40032B50F /* WeatherLocation.m in Sources */,
				4EC820291BB23F2100D0273C /* WeatherDetailViewController.m in Sources */,
				AA4C1CC11BAF62880032B50F /* WeatherSearchViewController.m in Sources */,
				AA4C1C871BAE226F0032B50F /* MapPin.m in Sources */,
				AAD9D0071BB1D77F001FF2BB /* ForecastWeather.swift in Sources */,
				AAD9D00A1BB1EC30001FF2BB /* LocationManager.m in Sources */,
				AA4C1CBA1BAF55600032B50F /* CustomTableViewCell.m in Sources */,
				AA4C1CC41BAF6B1A0032B50F /* Location.m in Sources */,
				AA4C1CB11BAED0E40032B50F /* WeatherLocation+CoreDataProperties.m in Sources */,
				AA4C1CAC1BAED0720032B50F /* Model.xcdatamodeld in Sources */,
				AA4C1C4F1BAE20FE0032B50F /* AppDelegate.m in Sources */,
				AA4C1C4C1BAE20FE0032B50F /* main.m in Sources */,
				AAD9D0041BB0BE01001FF2BB /* SearchTableViewCell.m in Sources */,
			);
			runOnlyForDeploymentPostprocessing = 0;
		};
		AA4C1C5F1BAE20FE0032B50F /* Sources */ = {
			isa = PBXSourcesBuildPhase;
			buildActionMask = 2147483647;
			files = (
				AA4C1C681BAE20FE0032B50F /* WeatherAppTests.m in Sources */,
			);
			runOnlyForDeploymentPostprocessing = 0;
		};
		AA4C1C6A1BAE20FE0032B50F /* Sources */ = {
			isa = PBXSourcesBuildPhase;
			buildActionMask = 2147483647;
			files = (
				AA4C1C731BAE20FE0032B50F /* WeatherAppUITests.m in Sources */,
			);
			runOnlyForDeploymentPostprocessing = 0;
		};
/* End PBXSourcesBuildPhase section */

/* Begin PBXTargetDependency section */
		AA2DD36A1BB350A900EA0868 /* PBXTargetDependency */ = {
			isa = PBXTargetDependency;
			target = AA2DD35C1BB350A900EA0868 /* WeatherWidget */;
			targetProxy = AA2DD3691BB350A900EA0868 /* PBXContainerItemProxy */;
		};
		AA4C1C651BAE20FE0032B50F /* PBXTargetDependency */ = {
			isa = PBXTargetDependency;
			target = AA4C1C461BAE20FE0032B50F /* WeatherApp */;
			targetProxy = AA4C1C641BAE20FE0032B50F /* PBXContainerItemProxy */;
		};
		AA4C1C701BAE20FE0032B50F /* PBXTargetDependency */ = {
			isa = PBXTargetDependency;
			target = AA4C1C461BAE20FE0032B50F /* WeatherApp */;
			targetProxy = AA4C1C6F1BAE20FE0032B50F /* PBXContainerItemProxy */;
		};
/* End PBXTargetDependency section */

/* Begin PBXVariantGroup section */
		AA2DD3651BB350A900EA0868 /* MainInterface.storyboard */ = {
			isa = PBXVariantGroup;
			children = (
				AA2DD3661BB350A900EA0868 /* Base */,
			);
			name = MainInterface.storyboard;
			sourceTree = "<group>";
		};
		AA4C1C561BAE20FE0032B50F /* Main.storyboard */ = {
			isa = PBXVariantGroup;
			children = (
				AA4C1C571BAE20FE0032B50F /* Base */,
			);
			name = Main.storyboard;
			sourceTree = "<group>";
		};
		AA4C1C5B1BAE20FE0032B50F /* LaunchScreen.storyboard */ = {
			isa = PBXVariantGroup;
			children = (
				AA4C1C5C1BAE20FE0032B50F /* Base */,
			);
			name = LaunchScreen.storyboard;
			sourceTree = "<group>";
		};
/* End PBXVariantGroup section */

/* Begin XCBuildConfiguration section */
		AA2DD36C1BB350A900EA0868 /* Debug */ = {
			isa = XCBuildConfiguration;
			buildSettings = {
				INFOPLIST_FILE = WeatherWidget/Info.plist;
				LD_RUNPATH_SEARCH_PATHS = "$(inherited) @executable_path/Frameworks @executable_path/../../Frameworks";
				PRODUCT_BUNDLE_IDENTIFIER = Steve.WeatherApp.WeatherWidget;
				PRODUCT_NAME = "$(TARGET_NAME)";
				SKIP_INSTALL = YES;
			};
			name = Debug;
		};
		AA2DD36D1BB350A900EA0868 /* Release */ = {
			isa = XCBuildConfiguration;
			buildSettings = {
				INFOPLIST_FILE = WeatherWidget/Info.plist;
				LD_RUNPATH_SEARCH_PATHS = "$(inherited) @executable_path/Frameworks @executable_path/../../Frameworks";
				PRODUCT_BUNDLE_IDENTIFIER = Steve.WeatherApp.WeatherWidget;
				PRODUCT_NAME = "$(TARGET_NAME)";
				SKIP_INSTALL = YES;
			};
			name = Release;
		};
		AA4C1C751BAE20FE0032B50F /* Debug */ = {
			isa = XCBuildConfiguration;
			buildSettings = {
				ALWAYS_SEARCH_USER_PATHS = NO;
				CLANG_CXX_LANGUAGE_STANDARD = "gnu++0x";
				CLANG_CXX_LIBRARY = "libc++";
				CLANG_ENABLE_MODULES = YES;
				CLANG_ENABLE_OBJC_ARC = YES;
				CLANG_WARN_BOOL_CONVERSION = YES;
				CLANG_WARN_CONSTANT_CONVERSION = YES;
				CLANG_WARN_DIRECT_OBJC_ISA_USAGE = YES_ERROR;
				CLANG_WARN_EMPTY_BODY = YES;
				CLANG_WARN_ENUM_CONVERSION = YES;
				CLANG_WARN_INT_CONVERSION = YES;
				CLANG_WARN_OBJC_ROOT_CLASS = YES_ERROR;
				CLANG_WARN_UNREACHABLE_CODE = YES;
				CLANG_WARN__DUPLICATE_METHOD_MATCH = YES;
				"CODE_SIGN_IDENTITY[sdk=iphoneos*]" = "iPhone Developer";
				COPY_PHASE_STRIP = NO;
				DEBUG_INFORMATION_FORMAT = dwarf;
				ENABLE_STRICT_OBJC_MSGSEND = YES;
				ENABLE_TESTABILITY = YES;
				GCC_C_LANGUAGE_STANDARD = gnu99;
				GCC_DYNAMIC_NO_PIC = NO;
				GCC_NO_COMMON_BLOCKS = YES;
				GCC_OPTIMIZATION_LEVEL = 0;
				GCC_PREPROCESSOR_DEFINITIONS = (
					"DEBUG=1",
					"$(inherited)",
				);
				GCC_WARN_64_TO_32_BIT_CONVERSION = YES;
				GCC_WARN_ABOUT_RETURN_TYPE = YES_ERROR;
				GCC_WARN_UNDECLARED_SELECTOR = YES;
				GCC_WARN_UNINITIALIZED_AUTOS = YES_AGGRESSIVE;
				GCC_WARN_UNUSED_FUNCTION = YES;
				GCC_WARN_UNUSED_VARIABLE = YES;
				IPHONEOS_DEPLOYMENT_TARGET = 9.0;
				MTL_ENABLE_DEBUG_INFO = YES;
				ONLY_ACTIVE_ARCH = YES;
				SDKROOT = iphoneos;
			};
			name = Debug;
		};
		AA4C1C761BAE20FE0032B50F /* Release */ = {
			isa = XCBuildConfiguration;
			buildSettings = {
				ALWAYS_SEARCH_USER_PATHS = NO;
				CLANG_CXX_LANGUAGE_STANDARD = "gnu++0x";
				CLANG_CXX_LIBRARY = "libc++";
				CLANG_ENABLE_MODULES = YES;
				CLANG_ENABLE_OBJC_ARC = YES;
				CLANG_WARN_BOOL_CONVERSION = YES;
				CLANG_WARN_CONSTANT_CONVERSION = YES;
				CLANG_WARN_DIRECT_OBJC_ISA_USAGE = YES_ERROR;
				CLANG_WARN_EMPTY_BODY = YES;
				CLANG_WARN_ENUM_CONVERSION = YES;
				CLANG_WARN_INT_CONVERSION = YES;
				CLANG_WARN_OBJC_ROOT_CLASS = YES_ERROR;
				CLANG_WARN_UNREACHABLE_CODE = YES;
				CLANG_WARN__DUPLICATE_METHOD_MATCH = YES;
				"CODE_SIGN_IDENTITY[sdk=iphoneos*]" = "iPhone Developer";
				COPY_PHASE_STRIP = NO;
				DEBUG_INFORMATION_FORMAT = "dwarf-with-dsym";
				ENABLE_NS_ASSERTIONS = NO;
				ENABLE_STRICT_OBJC_MSGSEND = YES;
				GCC_C_LANGUAGE_STANDARD = gnu99;
				GCC_NO_COMMON_BLOCKS = YES;
				GCC_WARN_64_TO_32_BIT_CONVERSION = YES;
				GCC_WARN_ABOUT_RETURN_TYPE = YES_ERROR;
				GCC_WARN_UNDECLARED_SELECTOR = YES;
				GCC_WARN_UNINITIALIZED_AUTOS = YES_AGGRESSIVE;
				GCC_WARN_UNUSED_FUNCTION = YES;
				GCC_WARN_UNUSED_VARIABLE = YES;
				IPHONEOS_DEPLOYMENT_TARGET = 9.0;
				MTL_ENABLE_DEBUG_INFO = NO;
				SDKROOT = iphoneos;
				VALIDATE_PRODUCT = YES;
			};
			name = Release;
		};
		AA4C1C781BAE20FE0032B50F /* Debug */ = {
			isa = XCBuildConfiguration;
			buildSettings = {
				ASSETCATALOG_COMPILER_APPICON_NAME = AppIcon;
				CLANG_ENABLE_MODULES = YES;
				INFOPLIST_FILE = WeatherApp/Info.plist;
				LD_RUNPATH_SEARCH_PATHS = "$(inherited) @executable_path/Frameworks";
				PRODUCT_BUNDLE_IDENTIFIER = Steve.WeatherApp;
				PRODUCT_NAME = "$(TARGET_NAME)";
				SWIFT_OBJC_BRIDGING_HEADER = "WeatherApp/WeatherApp-Bridging-Header.h";
				SWIFT_OPTIMIZATION_LEVEL = "-Onone";
			};
			name = Debug;
		};
		AA4C1C791BAE20FE0032B50F /* Release */ = {
			isa = XCBuildConfiguration;
			buildSettings = {
				ASSETCATALOG_COMPILER_APPICON_NAME = AppIcon;
				CLANG_ENABLE_MODULES = YES;
				INFOPLIST_FILE = WeatherApp/Info.plist;
				LD_RUNPATH_SEARCH_PATHS = "$(inherited) @executable_path/Frameworks";
				PRODUCT_BUNDLE_IDENTIFIER = Steve.WeatherApp;
				PRODUCT_NAME = "$(TARGET_NAME)";
				SWIFT_OBJC_BRIDGING_HEADER = "WeatherApp/WeatherApp-Bridging-Header.h";
			};
			name = Release;
		};
		AA4C1C7B1BAE20FE0032B50F /* Debug */ = {
			isa = XCBuildConfiguration;
			buildSettings = {
				BUNDLE_LOADER = "$(TEST_HOST)";
				INFOPLIST_FILE = WeatherAppTests/Info.plist;
				LD_RUNPATH_SEARCH_PATHS = "$(inherited) @executable_path/Frameworks @loader_path/Frameworks";
				PRODUCT_BUNDLE_IDENTIFIER = Steve.WeatherAppTests;
				PRODUCT_NAME = "$(TARGET_NAME)";
				TEST_HOST = "$(BUILT_PRODUCTS_DIR)/WeatherApp.app/WeatherApp";
			};
			name = Debug;
		};
		AA4C1C7C1BAE20FE0032B50F /* Release */ = {
			isa = XCBuildConfiguration;
			buildSettings = {
				BUNDLE_LOADER = "$(TEST_HOST)";
				INFOPLIST_FILE = WeatherAppTests/Info.plist;
				LD_RUNPATH_SEARCH_PATHS = "$(inherited) @executable_path/Frameworks @loader_path/Frameworks";
				PRODUCT_BUNDLE_IDENTIFIER = Steve.WeatherAppTests;
				PRODUCT_NAME = "$(TARGET_NAME)";
				TEST_HOST = "$(BUILT_PRODUCTS_DIR)/WeatherApp.app/WeatherApp";
			};
			name = Release;
		};
		AA4C1C7E1BAE20FE0032B50F /* Debug */ = {
			isa = XCBuildConfiguration;
			buildSettings = {
				INFOPLIST_FILE = WeatherAppUITests/Info.plist;
				LD_RUNPATH_SEARCH_PATHS = "$(inherited) @executable_path/Frameworks @loader_path/Frameworks";
				PRODUCT_BUNDLE_IDENTIFIER = Steve.WeatherAppUITests;
				PRODUCT_NAME = "$(TARGET_NAME)";
				TEST_TARGET_NAME = WeatherApp;
				USES_XCTRUNNER = YES;
			};
			name = Debug;
		};
		AA4C1C7F1BAE20FE0032B50F /* Release */ = {
			isa = XCBuildConfiguration;
			buildSettings = {
				INFOPLIST_FILE = WeatherAppUITests/Info.plist;
				LD_RUNPATH_SEARCH_PATHS = "$(inherited) @executable_path/Frameworks @loader_path/Frameworks";
				PRODUCT_BUNDLE_IDENTIFIER = Steve.WeatherAppUITests;
				PRODUCT_NAME = "$(TARGET_NAME)";
				TEST_TARGET_NAME = WeatherApp;
				USES_XCTRUNNER = YES;
			};
			name = Release;
		};
/* End XCBuildConfiguration section */

/* Begin XCConfigurationList section */
		AA2DD36E1BB350A900EA0868 /* Build configuration list for PBXNativeTarget "WeatherWidget" */ = {
			isa = XCConfigurationList;
			buildConfigurations = (
				AA2DD36C1BB350A900EA0868 /* Debug */,
				AA2DD36D1BB350A900EA0868 /* Release */,
			);
			defaultConfigurationIsVisible = 0;
		};
		AA4C1C421BAE20FE0032B50F /* Build configuration list for PBXProject "WeatherApp" */ = {
			isa = XCConfigurationList;
			buildConfigurations = (
				AA4C1C751BAE20FE0032B50F /* Debug */,
				AA4C1C761BAE20FE0032B50F /* Release */,
			);
			defaultConfigurationIsVisible = 0;
			defaultConfigurationName = Release;
		};
		AA4C1C771BAE20FE0032B50F /* Build configuration list for PBXNativeTarget "WeatherApp" */ = {
			isa = XCConfigurationList;
			buildConfigurations = (
				AA4C1C781BAE20FE0032B50F /* Debug */,
				AA4C1C791BAE20FE0032B50F /* Release */,
			);
			defaultConfigurationIsVisible = 0;
			defaultConfigurationName = Release;
		};
		AA4C1C7A1BAE20FE0032B50F /* Build configuration list for PBXNativeTarget "WeatherAppTests" */ = {
			isa = XCConfigurationList;
			buildConfigurations = (
				AA4C1C7B1BAE20FE0032B50F /* Debug */,
				AA4C1C7C1BAE20FE0032B50F /* Release */,
			);
			defaultConfigurationIsVisible = 0;
			defaultConfigurationName = Release;
		};
		AA4C1C7D1BAE20FE0032B50F /* Build configuration list for PBXNativeTarget "WeatherAppUITests" */ = {
			isa = XCConfigurationList;
			buildConfigurations = (
				AA4C1C7E1BAE20FE0032B50F /* Debug */,
				AA4C1C7F1BAE20FE0032B50F /* Release */,
			);
			defaultConfigurationIsVisible = 0;
			defaultConfigurationName = Release;
		};
/* End XCConfigurationList section */

/* Begin XCVersionGroup section */
		AA4C1CAA1BAED0720032B50F /* Model.xcdatamodeld */ = {
			isa = XCVersionGroup;
			children = (
				AA4C1CAB1BAED0720032B50F /* Model.xcdatamodel */,
			);
			currentVersion = AA4C1CAB1BAED0720032B50F /* Model.xcdatamodel */;
			path = Model.xcdatamodeld;
			sourceTree = "<group>";
			versionGroupType = wrapper.xcdatamodel;
		};
/* End XCVersionGroup section */
	};
	rootObject = AA4C1C3F1BAE20FE0032B50F /* Project object */;
}
